
Microsoft Visual Studio Solution File, Format Version 12.00
# Visual Studio Version 16
VisualStudioVersion = 16.0.29009.5
MinimumVisualStudioVersion = 10.0.40219.1
Project("{FAE04EC0-301F-11D3-BF4B-00C04F79EFBC}") = "Test_InkBasicConsoleApp", "Test_InkBasicConsoleApp.csproj", "{22F9BFD2-E1EB-4F9A-A5BA-609A0A82E251}"
EndProject
Global
	GlobalSection(SolutionConfigurationPlatforms) = preSolution
		Debug|Any CPU = Debug|Any CPU
		Release|Any CPU = Release|Any CPU
	EndGlobalSection
	GlobalSection(ProjectConfigurationPlatforms) = postSolution
		{22F9BFD2-E1EB-4F9A-A5BA-609A0A82E251}.Debug|Any CPU.ActiveCfg = Debug|Any CPU
		{22F9BFD2-E1EB-4F9A-A5BA-609A0A82E251}.Debug|Any CPU.Build.0 = Debug|Any CPU
		{22F9BFD2-E1EB-4F9A-A5BA-609A0A82E251}.Release|Any CPU.ActiveCfg = Release|Any CPU
		{22F9BFD2-E1EB-4F9A-A5BA-609A0A82E251}.Release|Any CPU.Build.0 = Release|Any CPU
	EndGlobalSection
	GlobalSection(SolutionProperties) = preSolution
		HideSolutionNode = FALSE
	EndGlobalSection
	GlobalSection(ExtensibilityGlobals) = postSolution
		VisualSVNWorkingCopyRoot = .
		SolutionGuid = {72FAC58C-BF30-4972-9EF2-37C4FBE54142}
	EndGlobalSection
EndGlobal
